// !$*UTF8*$!
{
	archiveVersion = 1;
	classes = {
	};
	objectVersion = 46;
	objects = {

/* Begin PBXBuildFile section */
		D9E621901BDBB7DB009C8331 /* main.m in Sources */ = {isa = PBXBuildFile; fileRef = D9E6218F1BDBB7DB009C8331 /* main.m */; };
		D9E621931BDBB7DB009C8331 /* AppDelegate.m in Sources */ = {isa = PBXBuildFile; fileRef = D9E621921BDBB7DB009C8331 /* AppDelegate.m */; };
		D9E621961BDBB7DB009C8331 /* ViewController.m in Sources */ = {isa = PBXBuildFile; fileRef = D9E621951BDBB7DB009C8331 /* ViewController.m */; };
		D9E621991BDBB7DB009C8331 /* Main.storyboard in Resources */ = {isa = PBXBuildFile; fileRef = D9E621971BDBB7DB009C8331 /* Main.storyboard */; };
		D9E6219B1BDBB7DB009C8331 /* Assets.xcassets in Resources */ = {isa = PBXBuildFile; fileRef = D9E6219A1BDBB7DB009C8331 /* Assets.xcassets */; };
		D9E6219E1BDBB7DB009C8331 /* LaunchScreen.storyboard in Resources */ = {isa = PBXBuildFile; fileRef = D9E6219C1BDBB7DB009C8331 /* LaunchScreen.storyboard */; };
		D9E621A81BDBB8C9009C8331 /* XXRLoadingView.m in Sources */ = {isa = PBXBuildFile; fileRef = D9E621A71BDBB8C9009C8331 /* XXRLoadingView.m */; };
/* End PBXBuildFile section */

/* Begin PBXFileReference section */
		D9E6218B1BDBB7DB009C8331 /* XXRLoading.app */ = {isa = PBXFileReference; explicitFileType = wrapper.application; includeInIndex = 0; path = XXRLoading.app; sourceTree = BUILT_PRODUCTS_DIR; };
		D9E6218F1BDBB7DB009C8331 /* main.m */ = {isa = PBXFileReference; lastKnownFileType = sourcecode.c.objc; path = main.m; sourceTree = "<group>"; };
		D9E621911BDBB7DB009C8331 /* AppDelegate.h */ = {isa = PBXFileReference; lastKnownFileType = sourcecode.c.h; path = AppDelegate.h; sourceTree = "<group>"; };
		D9E621921BDBB7DB009C8331 /* AppDelegate.m */ = {isa = PBXFileReference; lastKnownFileType = sourcecode.c.objc; path = AppDelegate.m; sourceTree = "<group>"; };
		D9E621941BDBB7DB009C8331 /* ViewController.h */ = {isa = PBXFileReference; lastKnownFileType = sourcecode.c.h; path = ViewController.h; sourceTree = "<group>"; };
		D9E621951BDBB7DB009C8331 /* ViewController.m */ = {isa = PBXFileReference; lastKnownFileType = sourcecode.c.objc; path = ViewController.m; sourceTree = "<group>"; };
		D9E621981BDBB7DB009C8331 /* Base */ = {isa = PBXFileReference; lastKnownFileType = file.storyboard; name = Base; path = Base.lproj/Main.storyboard; sourceTree = "<group>"; };
		D9E6219A1BDBB7DB009C8331 /* Assets.xcassets */ = {isa = PBXFileReference; lastKnownFileType = folder.assetcatalog; path = Assets.xcassets; sourceTree = "<group>"; };
		D9E6219D1BDBB7DB009C8331 /* Base */ = {isa = PBXFileReference; lastKnownFileType = file.storyboard; name = Base; path = Base.lproj/LaunchScreen.storyboard; sourceTree = "<group>"; };
		D9E6219F1BDBB7DB009C8331 /* Info.plist */ = {isa = PBXFileReference; lastKnownFileType = text.plist.xml; path = Info.plist; sourceTree = "<group>"; };
		D9E621A61BDBB8C9009C8331 /* XXRLoadingView.h */ = {isa = PBXFileReference; fileEncoding = 4; lastKnownFileType = sourcecode.c.h; path = XXRLoadingView.h; sourceTree = "<group>"; };
		D9E621A71BDBB8C9009C8331 /* XXRLoadingView.m */ = {isa = PBXFileReference; fileEncoding = 4; lastKnownFileType = sourcecode.c.objc; path = XXRLoadingView.m; sourceTree = "<group>"; };
/* End PBXFileReference section */

/* Begin PBXFrameworksBuildPhase section */
		D9E621881BDBB7DB009C8331 /* Frameworks */ = {
			isa = PBXFrameworksBuildPhase;
			buildActionMask = 2147483647;
			files = (
			);
			runOnlyForDeploymentPostprocessing = 0;
		};
/* End PBXFrameworksBuildPhase section */

/* Begin PBXGroup section */
		D9E621821BDBB7DB009C8331 = {
			isa = PBXGroup;
			children = (
				D9E6218D1BDBB7DB009C8331 /* XXRLoading */,
				D9E6218C1BDBB7DB009C8331 /* Products */,
			);
			sourceTree = "<group>";
		};
		D9E6218C1BDBB7DB009C8331 /* Products */ = {
			isa = PBXGroup;
			children = (
				D9E6218B1BDBB7DB009C8331 /* XXRLoading.app */,
			);
			name = Products;
			sourceTree = "<group>";
		};
		D9E6218D1BDBB7DB009C8331 /* XXRLoading */ = {
			isa = PBXGroup;
			children = (
				D9E621A51BDBB833009C8331 /* XXRLoadingView */,
				D9E621911BDBB7DB009C8331 /* AppDelegate.h */,
				D9E621921BDBB7DB009C8331 /* AppDelegate.m */,
				D9E621941BDBB7DB009C8331 /* ViewController.h */,
				D9E621951BDBB7DB009C8331 /* ViewController.m */,
				D9E621971BDBB7DB009C8331 /* Main.storyboard */,
				D9E6219A1BDBB7DB009C8331 /* Assets.xcassets */,
				D9E6219C1BDBB7DB009C8331 /* LaunchScreen.storyboard */,
				D9E6219F1BDBB7DB009C8331 /* Info.plist */,
				D9E6218E1BDBB7DB009C8331 /* Supporting Files */,
			);
			path = XXRLoading;
			sourceTree = "<group>";
		};
		D9E6218E1BDBB7DB009C8331 /* Supporting Files */ = {
			isa = PBXGroup;
			children = (
				D9E6218F1BDBB7DB009C8331 /* main.m */,
			);
			name = "Supporting Files";
			sourceTree = "<group>";
		};
		D9E621A51BDBB833009C8331 /* XXRLoadingView */ = {
			isa = PBXGroup;
			children = (
				D9E621A61BDBB8C9009C8331 /* XXRLoadingView.h */,
				D9E621A71BDBB8C9009C8331 /* XXRLoadingView.m */,
			);
			path = XXRLoadingView;
			sourceTree = "<group>";
		};
/* End PBXGroup section */

/* Begin PBXNativeTarget section */
		D9E6218A1BDBB7DB009C8331 /* XXRLoading */ = {
			isa = PBXNativeTarget;
			buildConfigurationList = D9E621A21BDBB7DB009C8331 /* Build configuration list for PBXNativeTarget "XXRLoading" */;
			buildPhases = (
				D9E621871BDBB7DB009C8331 /* Sources */,
				D9E621881BDBB7DB009C8331 /* Frameworks */,
				D9E621891BDBB7DB009C8331 /* Resources */,
			);
			buildRules = (
			);
			dependencies = (
			);
			name = XXRLoading;
			productName = XXRLoading;
			productReference = D9E6218B1BDBB7DB009C8331 /* XXRLoading.app */;
			productType = "com.apple.product-type.application";
		};
/* End PBXNativeTarget section */

/* Begin PBXProject section */
		D9E621831BDBB7DB009C8331 /* Project object */ = {
			isa = PBXProject;
			attributes = {
				LastUpgradeCheck = 0710;
				ORGANIZATIONNAME = rgc;
				TargetAttributes = {
					D9E6218A1BDBB7DB009C8331 = {
						CreatedOnToolsVersion = 7.1;
					};
				};
			};
			buildConfigurationList = D9E621861BDBB7DB009C8331 /* Build configuration list for PBXProject "XXRLoading" */;
			compatibilityVersion = "Xcode 3.2";
			developmentRegion = English;
			hasScannedForEncodings = 0;
			knownRegions = (
				en,
				Base,
			);
			mainGroup = D9E621821BDBB7DB009C8331;
			productRefGroup = D9E6218C1BDBB7DB009C8331 /* Products */;
			projectDirPath = "";
			projectRoot = "";
			targets = (
				D9E6218A1BDBB7DB009C8331 /* XXRLoading */,
			);
		};
/* End PBXProject section */

/* Begin PBXResourcesBuildPhase section */
		D9E621891BDBB7DB009C8331 /* Resources */ = {
			isa = PBXResourcesBuildPhase;
			buildActionMask = 2147483647;
			files = (
				D9E6219E1BDBB7DB009C8331 /* LaunchScreen.storyboard in Resources */,
				D9E6219B1BDBB7DB009C8331 /* Assets.xcassets in Resources */,
				D9E621991BDBB7DB009C8331 /* Main.storyboard in Resources */,
			);
			runOnlyForDeploymentPostprocessing = 0;
		};
/* End PBXResourcesBuildPhase section */

/* Begin PBXSourcesBuildPhase section */
		D9E621871BDBB7DB009C8331 /* Sources */ = {
			isa = PBXSourcesBuildPhase;
			buildActionMask = 2147483647;
			files = (
				D9E621961BDBB7DB009C8331 /* ViewController.m in Sources */,
				D9E621931BDBB7DB009C8331 /* AppDelegate.m in Sources */,
				D9E621A81BDBB8C9009C8331 /* XXRLoadingView.m in Sources */,
				D9E621901BDBB7DB009C8331 /* main.m in Sources */,
			);
			runOnlyForDeploymentPostprocessing = 0;
		};
/* End PBXSourcesBuildPhase section */

/* Begin PBXVariantGroup section */
		D9E621971BDBB7DB009C8331 /* Main.storyboard */ = {
			isa = PBXVariantGroup;
			children = (
				D9E621981BDBB7DB009C8331 /* Base */,
			);
			name = Main.storyboard;
			sourceTree = "<group>";
		};
		D9E6219C1BDBB7DB009C8331 /* LaunchScreen.storyboard */ = {
			isa = PBXVariantGroup;
			children = (
				D9E6219D1BDBB7DB009C8331 /* Base */,
			);
			name = LaunchScreen.storyboard;
			sourceTree = "<group>";
		};
/* End PBXVariantGroup section */

/* Begin XCBuildConfiguration section */
		D9E621A01BDBB7DB009C8331 /* Debug */ = {
			isa = XCBuildConfiguration;
			buildSettings = {
				ALWAYS_SEARCH_USER_PATHS = NO;
				CLANG_CXX_LANGUAGE_STANDARD = "gnu++0x";
				CLANG_CXX_LIBRARY = "libc++";
				CLANG_ENABLE_MODULES = YES;
				CLANG_ENABLE_OBJC_ARC = YES;
				CLANG_WARN_BOOL_CONVERSION = YES;
				CLANG_WARN_CONSTANT_CONVERSION = YES;
				CLANG_WARN_DIRECT_OBJC_ISA_USAGE = YES_ERROR;
				CLANG_WARN_EMPTY_BODY = YES;
				CLANG_WARN_ENUM_CONVERSION = YES;
				CLANG_WARN_INT_CONVERSION = YES;
				CLANG_WARN_OBJC_ROOT_CLASS = YES_ERROR;
				CLANG_WARN_UNREACHABLE_CODE = YES;
				CLANG_WARN__DUPLICATE_METHOD_MATCH = YES;
				"CODE_SIGN_IDENTITY[sdk=iphoneos*]" = "iPhone Developer";
				COPY_PHASE_STRIP = NO;
				DEBUG_INFORMATION_FORMAT = dwarf;
				ENABLE_STRICT_OBJC_MSGSEND = YES;
				ENABLE_TESTABILITY = YES;
				GCC_C_LANGUAGE_STANDARD = gnu99;
				GCC_DYNAMIC_NO_PIC = NO;
				GCC_NO_COMMON_BLOCKS = YES;
				GCC_OPTIMIZATION_LEVEL = 0;
				GCC_PREPROCESSOR_DEFINITIONS = (
					"DEBUG=1",
					"$(inherited)",
				);
				GCC_WARN_64_TO_32_BIT_CONVERSION = YES;
				GCC_WARN_ABOUT_RETURN_TYPE = YES_ERROR;
				GCC_WARN_UNDECLARED_SELECTOR = YES;
				GCC_WARN_UNINITIALIZED_AUTOS = YES_AGGRESSIVE;
				GCC_WARN_UNUSED_FUNCTION = YES;
				GCC_WARN_UNUSED_VARIABLE = YES;
				IPHONEOS_DEPLOYMENT_TARGET = 9.1;
				MTL_ENABLE_DEBUG_INFO = YES;
				ONLY_ACTIVE_ARCH = YES;
				SDKROOT = iphoneos;
			};
			name = Debug;
		};
		D9E621A11BDBB7DB009C8331 /* Release */ = {
			isa = XCBuildConfiguration;
			buildSettings = {
				ALWAYS_SEARCH_USER_PATHS = NO;
				CLANG_CXX_LANGUAGE_STANDARD = "gnu++0x";
				CLANG_CXX_LIBRARY = "libc++";
				CLANG_ENABLE_MODULES = YES;
				CLANG_ENABLE_OBJC_ARC = YES;
				CLANG_WARN_BOOL_CONVERSION = YES;
				CLANG_WARN_CONSTANT_CONVERSION = YES;
				CLANG_WARN_DIRECT_OBJC_ISA_USAGE = YES_ERROR;
				CLANG_WARN_EMPTY_BODY = YES;
				CLANG_WARN_ENUM_CONVERSION = YES;
				CLANG_WARN_INT_CONVERSION = YES;
				CLANG_WARN_OBJC_ROOT_CLASS = YES_ERROR;
				CLANG_WARN_UNREACHABLE_CODE = YES;
				CLANG_WARN__DUPLICATE_METHOD_MATCH = YES;
				"CODE_SIGN_IDENTITY[sdk=iphoneos*]" = "iPhone Developer";
				COPY_PHASE_STRIP = NO;
				DEBUG_INFORMATION_FORMAT = "dwarf-with-dsym";
				ENABLE_NS_ASSERTIONS = NO;
				ENABLE_STRICT_OBJC_MSGSEND = YES;
				GCC_C_LANGUAGE_STANDARD = gnu99;
				GCC_NO_COMMON_BLOCKS = YES;
				GCC_WARN_64_TO_32_BIT_CONVERSION = YES;
				GCC_WARN_ABOUT_RETURN_TYPE = YES_ERROR;
				GCC_WARN_UNDECLARED_SELECTOR = YES;
				GCC_WARN_UNINITIALIZED_AUTOS = YES_AGGRESSIVE;
				GCC_WARN_UNUSED_FUNCTION = YES;
				GCC_WARN_UNUSED_VARIABLE = YES;
				IPHONEOS_DEPLOYMENT_TARGET = 9.1;
				MTL_ENABLE_DEBUG_INFO = NO;
				SDKROOT = iphoneos;
				VALIDATE_PRODUCT = YES;
			};
			name = Release;
		};
		D9E621A31BDBB7DB009C8331 /* Debug */ = {
			isa = XCBuildConfiguration;
			buildSettings = {
				ASSETCATALOG_COMPILER_APPICON_NAME = AppIcon;
				INFOPLIST_FILE = XXRLoading/Info.plist;
				LD_RUNPATH_SEARCH_PATHS = "$(inherited) @executable_path/Frameworks";
				PRODUCT_BUNDLE_IDENTIFIER = com.babe.XXRLoading;
				PRODUCT_NAME = "$(TARGET_NAME)";
			};
			name = Debug;
		};
		D9E621A41BDBB7DB009C8331 /* Release */ = {
			isa = XCBuildConfiguration;
			buildSettings = {
				ASSETCATALOG_COMPILER_APPICON_NAME = AppIcon;
				INFOPLIST_FILE = XXRLoading/Info.plist;
				LD_RUNPATH_SEARCH_PATHS = "$(inherited) @executable_path/Frameworks";
				PRODUCT_BUNDLE_IDENTIFIER = com.babe.XXRLoading;
				PRODUCT_NAME = "$(TARGET_NAME)";
			};
			name = Release;
		};
/* End XCBuildConfiguration section */

/* Begin XCConfigurationList section */
		D9E621861BDBB7DB009C8331 /* Build configuration list for PBXProject "XXRLoading" */ = {
			isa = XCConfigurationList;
			buildConfigurations = (
				D9E621A01BDBB7DB009C8331 /* Debug */,
				D9E621A11BDBB7DB009C8331 /* Release */,
			);
			defaultConfigurationIsVisible = 0;
			defaultConfigurationName = Release;
		};
		D9E621A21BDBB7DB009C8331 /* Build configuration list for PBXNativeTarget "XXRLoading" */ = {
			isa = XCConfigurationList;
			buildConfigurations = (
				D9E621A31BDBB7DB009C8331 /* Debug */,
				D9E621A41BDBB7DB009C8331 /* Release */,
			);
			defaultConfigurationIsVisible = 0;
		};
/* End XCConfigurationList section */
	};
	rootObject = D9E621831BDBB7DB009C8331 /* Project object */;
}
